
Microsoft Visual Studio Solution File, Format Version 12.00
# Visual Studio Version 17
VisualStudioVersion = 17.8.34322.80
MinimumVisualStudioVersion = 10.0.40219.1
Project("{9A19103F-16F7-4668-BE54-9A1E7A4F7556}") = "AdventOfCode2015", "AdventOfCode2015\AdventOfCode2015.csproj", "{F871158F-21F8-4360-AF21-46D517C9557C}"
EndProject
Global
	GlobalSection(SolutionConfigurationPlatforms) = preSolution
		Debug|Any CPU = Debug|Any CPU
		Release|Any CPU = Release|Any CPU
	EndGlobalSection
	GlobalSection(ProjectConfigurationPlatforms) = postSolution
		{F871158F-21F8-4360-AF21-46D517C9557C}.Debug|Any CPU.ActiveCfg = Debug|Any CPU
		{F871158F-21F8-4360-AF21-46D517C9557C}.Debug|Any CPU.Build.0 = Debug|Any CPU
		{F871158F-21F8-4360-AF21-46D517C9557C}.Release|Any CPU.ActiveCfg = Release|Any CPU
		{F871158F-21F8-4360-AF21-46D517C9557C}.Release|Any CPU.Build.0 = Release|Any CPU
	EndGlobalSection
	GlobalSection(SolutionProperties) = preSolution
		HideSolutionNode = FALSE
	EndGlobalSection
	GlobalSection(ExtensibilityGlobals) = postSolution
		SolutionGuid = {32C7A8AB-08E0-4EA8-B963-0F1A5FD02C4A}
	EndGlobalSection
EndGlobal
